
Microsoft Visual Studio Solution File, Format Version 12.00
# Visual Studio Version 17
VisualStudioVersion = 17.12.35707.178
MinimumVisualStudioVersion = 10.0.40219.1
Project("{FAE04EC0-301F-11D3-BF4B-00C04F79EFBC}") = "up10-03", "up10-03.csproj", "{3398C0C3-1A52-4CCF-9C97-E5EB5F880552}"
EndProject
Global
	GlobalSection(SolutionConfigurationPlatforms) = preSolution
		Debug|Any CPU = Debug|Any CPU
		Release|Any CPU = Release|Any CPU
	EndGlobalSection
	GlobalSection(ProjectConfigurationPlatforms) = postSolution
		{3398C0C3-1A52-4CCF-9C97-E5EB5F880552}.Debug|Any CPU.ActiveCfg = Debug|Any CPU
		{3398C0C3-1A52-4CCF-9C97-E5EB5F880552}.Debug|Any CPU.Build.0 = Debug|Any CPU
		{3398C0C3-1A52-4CCF-9C97-E5EB5F880552}.Release|Any CPU.ActiveCfg = Release|Any CPU
		{3398C0C3-1A52-4CCF-9C97-E5EB5F880552}.Release|Any CPU.Build.0 = Release|Any CPU
	EndGlobalSection
	GlobalSection(SolutionProperties) = preSolution
		HideSolutionNode = FALSE
	EndGlobalSection
	GlobalSection(ExtensibilityGlobals) = postSolution
		SolutionGuid = {3D7F29F6-7B58-4085-BE96-1FE63DBE09A0}
	EndGlobalSection
EndGlobal
